
Microsoft Visual Studio Solution File, Format Version 12.00
# Visual Studio Version 17
VisualStudioVersion = 17.4.33110.190
MinimumVisualStudioVersion = 10.0.40219.1
Project("{FAE04EC0-301F-11D3-BF4B-00C04F79EFBC}") = "card", "card\card.csproj", "{CD397E77-EE80-43D9-B254-C4DD246C6EE7}"
EndProject
Global
	GlobalSection(SolutionConfigurationPlatforms) = preSolution
		Debug|Any CPU = Debug|Any CPU
		Release|Any CPU = Release|Any CPU
	EndGlobalSection
	GlobalSection(ProjectConfigurationPlatforms) = postSolution
		{CD397E77-EE80-43D9-B254-C4DD246C6EE7}.Debug|Any CPU.ActiveCfg = Debug|Any CPU
		{CD397E77-EE80-43D9-B254-C4DD246C6EE7}.Debug|Any CPU.Build.0 = Debug|Any CPU
		{CD397E77-EE80-43D9-B254-C4DD246C6EE7}.Release|Any CPU.ActiveCfg = Release|Any CPU
		{CD397E77-EE80-43D9-B254-C4DD246C6EE7}.Release|Any CPU.Build.0 = Release|Any CPU
	EndGlobalSection
	GlobalSection(SolutionProperties) = preSolution
		HideSolutionNode = FALSE
	EndGlobalSection
	GlobalSection(ExtensibilityGlobals) = postSolution
		SolutionGuid = {B0596B7A-31E7-434F-9576-655FF6D1E287}
	EndGlobalSection
EndGlobal
